
Microsoft Visual Studio Solution File, Format Version 12.00
# Visual Studio 15
VisualStudioVersion = 15.0.28307.271
MinimumVisualStudioVersion = 10.0.40219.1
Project("{9A19103F-16F7-4668-BE54-9A1E7A4F7556}") = "Nudes.Email", "Nudes.Email\Nudes.Email.csproj", "{2860542D-3E3D-4A60-933C-D697006FD27E}"
EndProject
Project("{9A19103F-16F7-4668-BE54-9A1E7A4F7556}") = "Nudes.Email.Smtp", "Nudes.Email.Smtp\Nudes.Email.Smtp.csproj", "{1F8EF1BD-FAEB-4567-B9BC-FF8095CAA2D3}"
EndProject
Project("{FAE04EC0-301F-11D3-BF4B-00C04F79EFBC}") = "TesteEmail", "TesteEmail\TesteEmail.csproj", "{8B4CCDE3-F4B6-48A9-AA07-E4A0E0EDF473}"
EndProject
Global
	GlobalSection(SolutionConfigurationPlatforms) = preSolution
		Debug|Any CPU = Debug|Any CPU
		Release|Any CPU = Release|Any CPU
	EndGlobalSection
	GlobalSection(ProjectConfigurationPlatforms) = postSolution
		{2860542D-3E3D-4A60-933C-D697006FD27E}.Debug|Any CPU.ActiveCfg = Debug|Any CPU
		{2860542D-3E3D-4A60-933C-D697006FD27E}.Debug|Any CPU.Build.0 = Debug|Any CPU
		{2860542D-3E3D-4A60-933C-D697006FD27E}.Release|Any CPU.ActiveCfg = Release|Any CPU
		{2860542D-3E3D-4A60-933C-D697006FD27E}.Release|Any CPU.Build.0 = Release|Any CPU
		{1F8EF1BD-FAEB-4567-B9BC-FF8095CAA2D3}.Debug|Any CPU.ActiveCfg = Debug|Any CPU
		{1F8EF1BD-FAEB-4567-B9BC-FF8095CAA2D3}.Debug|Any CPU.Build.0 = Debug|Any CPU
		{1F8EF1BD-FAEB-4567-B9BC-FF8095CAA2D3}.Release|Any CPU.ActiveCfg = Release|Any CPU
		{1F8EF1BD-FAEB-4567-B9BC-FF8095CAA2D3}.Release|Any CPU.Build.0 = Release|Any CPU
		{8B4CCDE3-F4B6-48A9-AA07-E4A0E0EDF473}.Debug|Any CPU.ActiveCfg = Debug|Any CPU
		{8B4CCDE3-F4B6-48A9-AA07-E4A0E0EDF473}.Debug|Any CPU.Build.0 = Debug|Any CPU
		{8B4CCDE3-F4B6-48A9-AA07-E4A0E0EDF473}.Release|Any CPU.ActiveCfg = Release|Any CPU
		{8B4CCDE3-F4B6-48A9-AA07-E4A0E0EDF473}.Release|Any CPU.Build.0 = Release|Any CPU
	EndGlobalSection
	GlobalSection(SolutionProperties) = preSolution
		HideSolutionNode = FALSE
	EndGlobalSection
	GlobalSection(ExtensibilityGlobals) = postSolution
		SolutionGuid = {8F527EF0-BF79-4256-9CAD-CF6195900A24}
	EndGlobalSection
EndGlobal
